# THIS IS AN AUTOGENERATED FILE. DO NOT EDIT THIS FILE DIRECTLY.
# yarn lockfile v1


"@bufbuild/buf-darwin-arm64@1.26.1":
  version "1.26.1"
  resolved "https://registry.yarnpkg.com/@bufbuild/buf-darwin-arm64/-/buf-darwin-arm64-1.26.1.tgz#6085067537074440c098abe1f9cf86be637ad6f2"
  integrity sha512-nmyWiT/59RFja0ZuXFxjNGoAMDPTApU66CZUUevkFVWbNB9nzeQDjx2vsJyACY64k5fTgZiaelSiyppwObQknw==

"@bufbuild/buf-darwin-x64@1.26.1":
  version "1.26.1"
  resolved "https://registry.yarnpkg.com/@bufbuild/buf-darwin-x64/-/buf-darwin-x64-1.26.1.tgz#76d0cfd468dd2b2c462b7b5ad0de062e475d755e"
  integrity sha512-jl5WmUv30OW8JiRLid9+mVx1XVH0XttpUfkQfmqDFdUHGfdy4XWYK8kr84YyWu0SiMTIt1mPXkqG5UM3x+tdIQ==

"@bufbuild/buf-linux-aarch64@1.26.1":
  version "1.26.1"
  resolved "https://registry.yarnpkg.com/@bufbuild/buf-linux-aarch64/-/buf-linux-aarch64-1.26.1.tgz#45cc1f69ce64beb6aa1dce0eefd7d04db2ed7790"
  integrity sha512-EedR2KDW/yDIxQKWuq1Y/g7IuwTgvelqylGVO7muMxt2JWShobyUaU6GIU8JB4yhIbqRQYCL2KqBsvDJbJtCUw==

"@bufbuild/buf-linux-x64@1.26.1":
  version "1.26.1"
  resolved "https://registry.yarnpkg.com/@bufbuild/buf-linux-x64/-/buf-linux-x64-1.26.1.tgz#32c1395497d9a877671b74191d2d199d078b1e34"
  integrity sha512-5iFL+MmWqR4cBLVNpgsjRecdHgcTxFaIkVYlQV9q8acbaJn5rgOIjUr1tzcBao9YsL3rdBhHvKkgnQ9gi1IiTw==

"@bufbuild/buf-win32-arm64@1.26.1":
  version "1.26.1"
  resolved "https://registry.yarnpkg.com/@bufbuild/buf-win32-arm64/-/buf-win32-arm64-1.26.1.tgz#839001f409c111ddf5745a1278128b4c49e9c8d0"
  integrity sha512-/ayymSD12gBetN98ErkH0CBGRLTmtYAp4fmbPuvq8zuJcL0eiAnK6d7ZFjTc+vDMuKY/aelQN7dj9WhzdYAQSQ==

"@bufbuild/buf-win32-x64@1.26.1":
  version "1.26.1"
  resolved "https://registry.yarnpkg.com/@bufbuild/buf-win32-x64/-/buf-win32-x64-1.26.1.tgz#483ebcdc31944cef6e78c0a4e01208252baf7ab2"
  integrity sha512-k9Dy3Z9P96wYR43lUhUo0jbjMSo001+MRBlsadEYiw85POqx6RWVaGyHLrxC2Ly7g+aGMisey050OjqfCWtKTA==

"@bufbuild/buf@^1.26.1":
  version "1.26.1"
  resolved "https://registry.yarnpkg.com/@bufbuild/buf/-/buf-1.26.1.tgz#9ff71217d6ece1c38df5c8865feceec01efa809b"
  integrity sha512-NyYx4T//3ndtFYV3BfqX9Xrm1NZEx3eChXniAKc/osCVViFooC5nuLQUbyqglMonH0w39RohiURMXN+e/oEB4g==
  optionalDependencies:
    "@bufbuild/buf-darwin-arm64" "1.26.1"
    "@bufbuild/buf-darwin-x64" "1.26.1"
    "@bufbuild/buf-linux-aarch64" "1.26.1"
    "@bufbuild/buf-linux-x64" "1.26.1"
    "@bufbuild/buf-win32-arm64" "1.26.1"
    "@bufbuild/buf-win32-x64" "1.26.1"

"@bufbuild/protobuf@1.3.0":
  version "1.3.0"
  resolved "https://registry.yarnpkg.com/@bufbuild/protobuf/-/protobuf-1.3.0.tgz#69f675c76e6c1ab0b5bde141fa2df8b00927216a"
  integrity sha512-G372ods0pLt46yxVRsnP/e2btVPuuzArcMPFpIDeIwiGPuuglEs9y75iG0HMvZgncsj5TvbYRWqbVyOe3PLCWQ==

"@bufbuild/protoc-gen-es@^1.3.0":
  version "1.3.0"
  resolved "https://registry.yarnpkg.com/@bufbuild/protoc-gen-es/-/protoc-gen-es-1.3.0.tgz#20e8ba0fb14bc2c4dcedb260b96385dc302e8f20"
  integrity sha512-XxGZwpXMYlwoSyJwCTFb7SZ2xKmv2iCRM022t1wszhY3kNL7rjpyj+3GbpCOjaM1T7NAoLnW0Hyb/M0b0XDb3Q==
  dependencies:
    "@bufbuild/protoplugin" "1.3.0"

"@bufbuild/protoplugin@1.3.0":
  version "1.3.0"
  resolved "https://registry.yarnpkg.com/@bufbuild/protoplugin/-/protoplugin-1.3.0.tgz#af2337023e05eda4cf15aacf4edba87181fb0062"
  integrity sha512-zye8CfJb9VWzaHR/f1qcEkddaRh9De+u6fORsj92Ten8EJUcyhiY5BivET+RMTissAKXKrp/f2zSBCV0dlFxPw==
  dependencies:
    "@bufbuild/protobuf" "1.3.0"
    "@typescript/vfs" "^1.4.0"
    typescript "4.5.2"

"@typescript/vfs@^1.4.0":
  version "1.5.0"
  resolved "https://registry.yarnpkg.com/@typescript/vfs/-/vfs-1.5.0.tgz#ed942922724f9ace8c07c80b006c47e5e3833218"
  integrity sha512-AJS307bPgbsZZ9ggCT3wwpg3VbTKMFNHfaY/uF0ahSkYYrPF2dSSKDNIDIQAHm9qJqbLvCsSJH7yN4Vs/CsMMg==
  dependencies:
    debug "^4.1.1"

debug@^4.1.1:
  version "4.3.4"
  resolved "https://registry.yarnpkg.com/debug/-/debug-4.3.4.tgz#1319f6579357f2338d3337d2cdd4914bb5dcc865"
  integrity sha512-PRWFHuSU3eDtQJPvnNY7Jcket1j0t5OuOsFzPPzsekD52Zl8qUfFIPEiswXqIvHWGVHOgX+7G/vCNNhehwxfkQ==
  dependencies:
    ms "2.1.2"

ms@2.1.2:
  version "2.1.2"
  resolved "https://registry.yarnpkg.com/ms/-/ms-2.1.2.tgz#d09d1f357b443f493382a8eb3ccd183872ae6009"
  integrity sha512-sGkPx+VjMtmA6MX27oA4FBFELFCZZ4S4XqeGOXCv68tT+jb3vk/RyaKWP0PTKyWtmLSM0b+adUTEvbs1PEaH2w==

typescript@4.5.2:
  version "4.5.2"
  resolved "https://registry.yarnpkg.com/typescript/-/typescript-4.5.2.tgz#8ac1fba9f52256fdb06fb89e4122fa6a346c2998"
  integrity sha512-5BlMof9H1yGt0P8/WF+wPNw6GfctgGjXp5hkblpyT+8rkASSmkUKMXrxR0Xg8ThVCi/JnHQiKXeBaEwCeQwMFw==
